
Microsoft Visual Studio Solution File, Format Version 12.00
# Visual Studio Version 17
VisualStudioVersion = 17.4.33122.133
MinimumVisualStudioVersion = 10.0.40219.1
Project("{9A19103F-16F7-4668-BE54-9A1E7A4F7556}") = "SeaBreeze.Domain", "SeaBreeze.Domain\SeaBreeze.Domain.csproj", "{2959FDA1-F5F5-4B0F-9C6B-5158637BECBB}"
EndProject
Project("{9A19103F-16F7-4668-BE54-9A1E7A4F7556}") = "SeaBreeze.Service", "SeaBreeze.Service\SeaBreeze.Service.csproj", "{FC7E81F1-974D-4B49-9602-9C37EF9A557D}"
EndProject
Project("{9A19103F-16F7-4668-BE54-9A1E7A4F7556}") = "Api", "Api\Api.csproj", "{F9C40EE7-6B4E-4A65-BB50-04BF75584823}"
EndProject
Project("{FAE04EC0-301F-11D3-BF4B-00C04F79EFBC}") = "Dashboard", "Dashboard\Dashboard.csproj", "{6500F705-8E6A-4E1D-84FF-795E143D27CE}"
EndProject
Global
	GlobalSection(SolutionConfigurationPlatforms) = preSolution
		Debug|Any CPU = Debug|Any CPU
		Release|Any CPU = Release|Any CPU
	EndGlobalSection
	GlobalSection(ProjectConfigurationPlatforms) = postSolution
		{2959FDA1-F5F5-4B0F-9C6B-5158637BECBB}.Debug|Any CPU.ActiveCfg = Debug|Any CPU
		{2959FDA1-F5F5-4B0F-9C6B-5158637BECBB}.Debug|Any CPU.Build.0 = Debug|Any CPU
		{2959FDA1-F5F5-4B0F-9C6B-5158637BECBB}.Release|Any CPU.ActiveCfg = Release|Any CPU
		{2959FDA1-F5F5-4B0F-9C6B-5158637BECBB}.Release|Any CPU.Build.0 = Release|Any CPU
		{FC7E81F1-974D-4B49-9602-9C37EF9A557D}.Debug|Any CPU.ActiveCfg = Debug|Any CPU
		{FC7E81F1-974D-4B49-9602-9C37EF9A557D}.Debug|Any CPU.Build.0 = Debug|Any CPU
		{FC7E81F1-974D-4B49-9602-9C37EF9A557D}.Release|Any CPU.ActiveCfg = Release|Any CPU
		{FC7E81F1-974D-4B49-9602-9C37EF9A557D}.Release|Any CPU.Build.0 = Release|Any CPU
		{F9C40EE7-6B4E-4A65-BB50-04BF75584823}.Debug|Any CPU.ActiveCfg = Debug|Any CPU
		{F9C40EE7-6B4E-4A65-BB50-04BF75584823}.Debug|Any CPU.Build.0 = Debug|Any CPU
		{F9C40EE7-6B4E-4A65-BB50-04BF75584823}.Release|Any CPU.ActiveCfg = Release|Any CPU
		{F9C40EE7-6B4E-4A65-BB50-04BF75584823}.Release|Any CPU.Build.0 = Release|Any CPU
		{6500F705-8E6A-4E1D-84FF-795E143D27CE}.Debug|Any CPU.ActiveCfg = Debug|Any CPU
		{6500F705-8E6A-4E1D-84FF-795E143D27CE}.Debug|Any CPU.Build.0 = Debug|Any CPU
		{6500F705-8E6A-4E1D-84FF-795E143D27CE}.Release|Any CPU.ActiveCfg = Release|Any CPU
		{6500F705-8E6A-4E1D-84FF-795E143D27CE}.Release|Any CPU.Build.0 = Release|Any CPU
	EndGlobalSection
	GlobalSection(SolutionProperties) = preSolution
		HideSolutionNode = FALSE
	EndGlobalSection
	GlobalSection(ExtensibilityGlobals) = postSolution
		SolutionGuid = {4C64EA80-CF4E-49CD-AFEA-9B9B30E6CF9D}
	EndGlobalSection
EndGlobal
